# This file is automatically @generated by Poetry 2.1.1 and should not be changed by hand.

[[package]]
name = "aioserial"
version = "1.3.1"
description = "An asynchronous serial port library of Python"
optional = false
python-versions = ">=3.6,<4.0"
groups = ["main"]
files = [
    {file = "aioserial-1.3.1.tar.gz", hash = "sha256:702bf03b0eb84b8ef2d8dac5cb925e1e685dce98f77b125569bc6fd2b3b58228"},
]

[package.dependencies]
pyserial = "*"

[[package]]
name = "asyncio"
version = "3.4.3"
description = "reference implementation of PEP 3156"
optional = false
python-versions = "*"
groups = ["main"]
files = [
    {file = "asyncio-3.4.3-cp33-none-win32.whl", hash = "sha256:b62c9157d36187eca799c378e572c969f0da87cd5fc42ca372d92cdb06e7e1de"},
    {file = "asyncio-3.4.3-cp33-none-win_amd64.whl", hash = "sha256:c46a87b48213d7464f22d9a497b9eef8c1928b68320a2fa94240f969f6fec08c"},
    {file = "asyncio-3.4.3-py3-none-any.whl", hash = "sha256:c4d18b22701821de07bd6aea8b53d21449ec0ec5680645e5317062ea21817d2d"},
    {file = "asyncio-3.4.3.tar.gz", hash = "sha256:83360ff8bc97980e4ff25c964c7bd3923d333d177aa4f7fb736b019f26c7cb41"},
]

[[package]]
name = "dotenv"
version = "0.9.9"
description = "Deprecated package"
optional = false
python-versions = "*"
groups = ["main"]
files = [
    {file = "dotenv-0.9.9-py2.py3-none-any.whl", hash = "sha256:29cf74a087b31dafdb5a446b6d7e11cbce8ed2741540e2339c69fbef92c94ce9"},
]

[package.dependencies]
python-dotenv = "*"

[[package]]
name = "pyserial"
version = "3.5"
description = "Python Serial Port Extension"
optional = false
python-versions = "*"
groups = ["main"]
files = [
    {file = "pyserial-3.5-py2.py3-none-any.whl", hash = "sha256:c4451db6ba391ca6ca299fb3ec7bae67a5c55dde170964c7a14ceefec02f2cf0"},
    {file = "pyserial-3.5.tar.gz", hash = "sha256:3c77e014170dfffbd816e6ffc205e9842efb10be9f58ec16d3e8675b4925cddb"},
]

[package.extras]
cp2110 = ["hidapi"]

[[package]]
name = "python-dotenv"
version = "1.0.1"
description = "Read key-value pairs from a .env file and set them as environment variables"
optional = false
python-versions = ">=3.8"
groups = ["main"]
files = [
    {file = "python-dotenv-1.0.1.tar.gz", hash = "sha256:e324ee90a023d808f1959c46bcbc04446a10ced277783dc6ee09987c37ec10ca"},
    {file = "python_dotenv-1.0.1-py3-none-any.whl", hash = "sha256:f7b63ef50f1b690dddf550d03497b66d609393b40b564ed0d674909a68ebf16a"},
]

[package.extras]
cli = ["click (>=5.0)"]

[metadata]
lock-version = "2.1"
python-versions = ">=3.10,<4.0"
content-hash = "a7292cb6cfa492012da6cb9e29c75dacbf82b7a7a6b5aa35ce202d367aeda510"
